# This file is autogenerated, do not edit; changes may be undone by the next 'dep ensure'.


[[projects]]
  branch = "master"
  digest = "1:a25b3dea86e1ad756b1c2ea35ec7fde5ebd5d30e9181a66b216c81532c48ee45"
  name = "github.com/ReturnPath/mkenney.test"
  packages = ["proto/go/v1"]
  pruneopts = "T"
  revision = "dae6013bf1e5806fabed1d67ebe65097485bb16c"

[[projects]]
  branch = "master"
  digest = "1:a15a13caaf66b273c0bb1a2922eef6f012cc1f992d4c54d50c7d272a738c6957"
  name = "github.com/bdlm/grpc-gateway-wrapper"
  packages = [
    "encoding/http",
    "interceptor/log",
    "server",
  ]
  pruneopts = "T"
  revision = "1a1dcf87ad9c619c1a6282bc61543733eaa731bc"

[[projects]]
  digest = "1:e0d24aa8a3e52c9a14f30280e3f0a16748979d71b4335e7c0a455d40542d0aba"
  name = "github.com/bdlm/log"
  packages = ["."]
  pruneopts = "T"
  revision = "a880e500b91a3325f66bd576f8129074e7d613bf"
  version = "v0.1.13"

[[projects]]
  branch = "master"
  digest = "1:d6d9d95d077f7cebcd4cbc6fa856979dcd4eb0b791933a80b5c8418681acbb27"
  name = "github.com/bdlm/std"
  packages = ["logger"]
  pruneopts = "T"
  revision = "fd3b596111c78b7d14f1e1308ebdb1153013f1a8"

[[projects]]
  digest = "1:0e75314747e02628283e4143dd5b51091c756b5444351353fae6551f3dc73bfa"
  name = "github.com/go-chi/chi"
  packages = [
    ".",
    "middleware",
  ]
  pruneopts = "T"
  revision = "b5294d10673813fac8558e7f47242bc9e61b4c25"
  version = "v3.3.3"

[[projects]]
  digest = "1:7912bb30698616cf0c41e5ef6a29a447c9a3e76bfcacbc21420ed3cdf616fd94"
  name = "github.com/golang/mock"
  packages = ["gomock"]
  pruneopts = "T"
  revision = "51421b967af1f557f93a59e0057aaf15ca02e29c"
  version = "v1.2.0"

[[projects]]
  branch = "master"
  digest = "1:f731b2f9dd3c4e20d08b8e344a7750b69a49e9ac9d05b9d6f8cb5af0bd688f8b"
  name = "github.com/golang/protobuf"
  packages = [
    "jsonpb",
    "proto",
    "protoc-gen-go/descriptor",
    "protoc-gen-go/generator",
    "protoc-gen-go/generator/internal/remap",
    "protoc-gen-go/plugin",
    "ptypes",
    "ptypes/any",
    "ptypes/duration",
    "ptypes/struct",
    "ptypes/timestamp",
  ]
  pruneopts = "T"
  revision = "347cf4a86c1cb8d262994d8ef5924d4576c5b331"

[[projects]]
  branch = "master"
  digest = "1:fe227a37e550e2b218c22eb125f0da24310c0d5e8bb13bcaa4a8393da5c530ed"
  name = "github.com/grpc-ecosystem/go-grpc-middleware"
  packages = ["."]
  pruneopts = "T"
  revision = "3304cc8863525cd0b328fbfd5bf745bbd38e7106"

[[projects]]
  digest = "1:c4a0b2286ccdfcb4575e19c2bab20d4972ba7fce2ed7cba0941c168708b96f54"
  name = "github.com/grpc-ecosystem/grpc-gateway"
  packages = [
    "protoc-gen-swagger/options",
    "runtime",
    "runtime/internal",
    "utilities",
  ]
  pruneopts = "T"
  revision = "aeab1d96e0f1368d243e2e5f526aa29d495517bb"
  version = "v1.5.1"

[[projects]]
  branch = "master"
  digest = "1:89cd2208bdeb192cc83ee287216af3c987fc87a90b9087718ad6631b636cefcf"
  name = "github.com/iancoleman/strcase"
  packages = ["."]
  pruneopts = "T"
  revision = "3605ed457bf7f8caa1371b4fafadadc026673479"

[[projects]]
  digest = "1:e488b6640dd8b0a5007388585919776aa4ac343ef4d7fe143059deab817b788b"
  name = "github.com/kelseyhightower/envconfig"
  packages = ["."]
  pruneopts = "T"
  revision = "f611eb38b3875cc3bd991ca91c51d06446afa14c"
  version = "v1.3.0"

[[projects]]
  digest = "1:3a905c37f941f4930402f2199c0dd6c8f87afb3d0bd1e8e6e66a089c506ac547"
  name = "github.com/lyft/protoc-gen-star"
  packages = [
    ".",
    "lang/go",
  ]
  pruneopts = "T"
  revision = "78210b0b9a1b1fbbef0111ad44cacdd67b3decc9"
  version = "v0.4.5"

[[projects]]
  branch = "master"
  digest = "1:a338cc836d69b266e8aad1d78d08794a6e23e016febe7c76a082380be0c839ef"
  name = "github.com/lyft/protoc-gen-validate"
  packages = [
    ".",
    "gogoproto",
    "module",
    "templates",
    "templates/cc",
    "templates/go",
    "templates/gogo",
    "templates/goshared",
    "templates/java",
    "templates/shared",
    "validate",
  ]
  pruneopts = "T"
  revision = "7d810e6d5cad3664143ecc9f9ef4d5d6e0567787"

[[projects]]
  digest = "1:40e195917a951a8bf867cd05de2a46aaf1806c50cf92eebf4c16f78cd196f747"
  name = "github.com/pkg/errors"
  packages = ["."]
  pruneopts = "T"
  revision = "645ef00459ed84a119197bfb8d8205042c6df63d"
  version = "v0.8.0"

[[projects]]
  digest = "1:a8a03bca5a81878daa4958136f3372af00437c61129ca088a430b0b786b9378a"
  name = "github.com/rs/cors"
  packages = ["."]
  pruneopts = "T"
  revision = "9a47f48565a795472d43519dd49aac781f3034fb"
  version = "v1.6.0"

[[projects]]
  branch = "master"
  digest = "1:105b78efe117ceceeb1586efd4cb7c8fe7538cb038e51caa039196ec58caba80"
  name = "github.com/shurcooL/httpfs"
  packages = ["vfsutil"]
  pruneopts = "T"
  revision = "74dc9339e414ad069a8d04bba7e7aafd08043a25"

[[projects]]
  branch = "master"
  digest = "1:7035b65f829b3dff911034dcbf0ae67907d85d9df6a856d766fbf1dc7437f2cb"
  name = "github.com/shurcooL/vfsgen"
  packages = ["."]
  pruneopts = "T"
  revision = "6a9ea43bcacdf716a5c1b38efff722c07adf0069"

[[projects]]
  digest = "1:2b9e473441ec584565880b55467ba1797417f42a60d92af4a761f8485a57e4d0"
  name = "github.com/spf13/afero"
  packages = [
    ".",
    "mem",
  ]
  pruneopts = "T"
  revision = "a5d6946387efe7d64d09dcba68cdd523dc1273a3"
  version = "v1.2.0"

[[projects]]
  branch = "master"
  digest = "1:d470cb69884835b1800e93ceceb85afcf981ea647e61d99398a76af7a95bad6a"
  name = "golang.org/x/crypto"
  packages = ["ssh/terminal"]
  pruneopts = "T"
  revision = "505ab145d0a99da450461ae2c1a9f6cd10d1f447"

[[projects]]
  branch = "master"
  digest = "1:6a668f89e7e121bf970a6dc37c729f05f5261ae64e27945326d896ad158e5a10"
  name = "golang.org/x/net"
  packages = [
    "context",
    "http/httpguts",
    "http2",
    "http2/hpack",
    "idna",
    "internal/timeseries",
    "trace",
  ]
  pruneopts = "T"
  revision = "927f97764cc334a6575f4b7a1584a147864d5723"

[[projects]]
  branch = "master"
  digest = "1:50eb9e3f847dc29971fecac71bf84a32e9d756dd34216cf9219c50bd3801b4c4"
  name = "golang.org/x/sys"
  packages = [
    "unix",
    "windows",
  ]
  pruneopts = "T"
  revision = "b4a75ba826a64a70990f11a225237acd6ef35c9f"

[[projects]]
  digest = "1:6164911cb5e94e8d8d5131d646613ff82c14f5a8ce869de2f6d80d9889df8c5a"
  name = "golang.org/x/text"
  packages = [
    "collate",
    "collate/build",
    "internal/colltab",
    "internal/gen",
    "internal/tag",
    "internal/triegen",
    "internal/ucd",
    "language",
    "secure/bidirule",
    "transform",
    "unicode/bidi",
    "unicode/cldr",
    "unicode/norm",
    "unicode/rangetable",
  ]
  pruneopts = "T"
  revision = "f21a4dfb5e38f5895301dc265a8def02365cc3d0"
  version = "v0.3.0"

[[projects]]
  branch = "master"
  digest = "1:8c7bf8f974d0b63a83834e83b6dd39c2b40d61d409d76172c81d67eba8fee4a8"
  name = "google.golang.org/genproto"
  packages = [
    ".",
    "googleapis/api/annotations",
    "googleapis/rpc/status",
  ]
  pruneopts = "T"
  revision = "bd9b4fb69e2ffd37621a6caa54dcbead29b546f2"

[[projects]]
  digest = "1:c32026b4d2b9f7240ad72edf0dffca4e5863d5edc1ea25416d64929926b5ac67"
  name = "google.golang.org/grpc"
  packages = [
    ".",
    "balancer",
    "balancer/base",
    "balancer/roundrobin",
    "binarylog/grpc_binarylog_v1",
    "codes",
    "connectivity",
    "credentials",
    "credentials/internal",
    "encoding",
    "encoding/gzip",
    "encoding/proto",
    "grpclog",
    "internal",
    "internal/backoff",
    "internal/binarylog",
    "internal/channelz",
    "internal/envconfig",
    "internal/grpcrand",
    "internal/grpcsync",
    "internal/syscall",
    "internal/transport",
    "keepalive",
    "metadata",
    "naming",
    "peer",
    "reflection",
    "reflection/grpc_reflection_v1alpha",
    "resolver",
    "resolver/dns",
    "resolver/passthrough",
    "stats",
    "status",
    "tap",
  ]
  pruneopts = "T"
  revision = "df014850f6dee74ba2fc94874043a9f3f75fbfd8"
  version = "v1.17.0"

[solve-meta]
  analyzer-name = "dep"
  analyzer-version = 1
  input-imports = [
    "github.com/ReturnPath/mkenney.test/proto/go/v1",
    "github.com/bdlm/grpc-gateway-wrapper/encoding/http",
    "github.com/bdlm/grpc-gateway-wrapper/interceptor/log",
    "github.com/bdlm/grpc-gateway-wrapper/server",
    "github.com/bdlm/log",
    "github.com/go-chi/chi",
    "github.com/go-chi/chi/middleware",
    "github.com/golang/mock/gomock",
    "github.com/golang/protobuf/proto",
    "github.com/golang/protobuf/ptypes",
    "github.com/grpc-ecosystem/go-grpc-middleware",
    "github.com/grpc-ecosystem/grpc-gateway/protoc-gen-swagger/options",
    "github.com/grpc-ecosystem/grpc-gateway/runtime",
    "github.com/grpc-ecosystem/grpc-gateway/utilities",
    "github.com/kelseyhightower/envconfig",
    "github.com/lyft/protoc-gen-validate",
    "github.com/lyft/protoc-gen-validate/validate",
    "github.com/pkg/errors",
    "github.com/rs/cors",
    "github.com/shurcooL/vfsgen",
    "golang.org/x/net/context",
    "google.golang.org/genproto",
    "google.golang.org/genproto/googleapis/api/annotations",
    "google.golang.org/grpc",
    "google.golang.org/grpc/codes",
    "google.golang.org/grpc/grpclog",
    "google.golang.org/grpc/status",
  ]
  solver-name = "gps-cdcl"
  solver-version = 1
